
Microsoft Visual Studio Solution File, Format Version 12.00
Project("{2150E333-8FDC-42A3-9474-1A3956D46DE8}") = "BookService", "BookService", "{493BBDE6-43C1-4F20-99F5-9AB2A3014AEB}"
EndProject
Project("{2150E333-8FDC-42A3-9474-1A3956D46DE8}") = "UserService", "UserService", "{490CCF88-C80A-44C8-B660-754370A82372}"
EndProject
Project("{2150E333-8FDC-42A3-9474-1A3956D46DE8}") = "PostService", "PostService", "{EF7E85D1-EF11-4BE2-BE45-253DD5BB3060}"
EndProject
Project("{2150E333-8FDC-42A3-9474-1A3956D46DE8}") = "Gateway", "Gateway", "{D2FF9F7A-0A48-41FB-ACEF-38859F19A082}"
EndProject
Project("{FAE04EC0-301F-11D3-BF4B-00C04F79EFBC}") = "ApiGateway", "ApiGateway\ApiGateway.csproj", "{1B29B2A3-E37C-4D06-BE47-FE72802B7849}"
EndProject
Project("{FAE04EC0-301F-11D3-BF4B-00C04F79EFBC}") = "BookService.Api", "BookService\BookService.Api\BookService.Api.csproj", "{D9312C62-575B-4288-9CAD-AC2706189B6C}"
EndProject
Project("{FAE04EC0-301F-11D3-BF4B-00C04F79EFBC}") = "BookService.Application", "BookService\BookService.Application\BookService.Application.csproj", "{8AA13DF8-68DE-4819-AD1F-505C14563D3D}"
EndProject
Project("{FAE04EC0-301F-11D3-BF4B-00C04F79EFBC}") = "BookService.DataAccess", "BookService\BookService.DataAccess\BookService.DataAccess.csproj", "{9F1183B6-1E3F-4182-A2B7-2A29B9D2354B}"
EndProject
Project("{FAE04EC0-301F-11D3-BF4B-00C04F79EFBC}") = "BookService.Core", "BookService\BookService.Core\BookService.Core.csproj", "{856791FC-EBE8-4D71-937C-71D99E17B4CD}"
EndProject
Project("{FAE04EC0-301F-11D3-BF4B-00C04F79EFBC}") = "PostService.Api", "PostService\PostService.Api\PostService.Api.csproj", "{FC0AEE64-111D-400E-BB04-45A6E13F9FA7}"
EndProject
Project("{FAE04EC0-301F-11D3-BF4B-00C04F79EFBC}") = "PostService.DataAccess", "PostService\PostService.DataAccess\PostService.DataAccess.csproj", "{3372560C-BA78-4A8A-9CB9-61BC64C15682}"
EndProject
Project("{FAE04EC0-301F-11D3-BF4B-00C04F79EFBC}") = "PostService.Application", "PostService\PostService.Application\PostService.Application.csproj", "{DFF291A0-AD60-453E-AECC-ABDB8DFD588B}"
EndProject
Project("{FAE04EC0-301F-11D3-BF4B-00C04F79EFBC}") = "PostService.Core", "PostService\PostService.Core\PostService.Core.csproj", "{509C7C89-A6D2-440F-B582-53A69D3CBC44}"
EndProject
Project("{FAE04EC0-301F-11D3-BF4B-00C04F79EFBC}") = "UserService.DataAccess", "UserService\UserService.DataAccess\UserService.DataAccess.csproj", "{6A6FB011-2F2B-4ECB-B530-0D9D13D88728}"
EndProject
Project("{FAE04EC0-301F-11D3-BF4B-00C04F79EFBC}") = "UserService.Core", "UserService\UserService.Core\UserService.Core.csproj", "{161FC493-B9C6-41D2-A075-5DB0BF78776C}"
EndProject
Project("{FAE04EC0-301F-11D3-BF4B-00C04F79EFBC}") = "UserService.Application", "UserService\UserService.Application\UserService.Application.csproj", "{61E48977-B7EA-4CEB-A12A-F11ED84D0D0C}"
EndProject
Project("{FAE04EC0-301F-11D3-BF4B-00C04F79EFBC}") = "UserService.Api", "UserService\UserService.Api\UserService.Api.csproj", "{B9064B77-415F-4334-B69E-FB98A969B982}"
EndProject
Global
	GlobalSection(SolutionConfigurationPlatforms) = preSolution
		Debug|Any CPU = Debug|Any CPU
		Release|Any CPU = Release|Any CPU
	EndGlobalSection
	GlobalSection(NestedProjects) = preSolution
		{1B29B2A3-E37C-4D06-BE47-FE72802B7849} = {D2FF9F7A-0A48-41FB-ACEF-38859F19A082}
		{D9312C62-575B-4288-9CAD-AC2706189B6C} = {493BBDE6-43C1-4F20-99F5-9AB2A3014AEB}
		{8AA13DF8-68DE-4819-AD1F-505C14563D3D} = {493BBDE6-43C1-4F20-99F5-9AB2A3014AEB}
		{9F1183B6-1E3F-4182-A2B7-2A29B9D2354B} = {493BBDE6-43C1-4F20-99F5-9AB2A3014AEB}
		{856791FC-EBE8-4D71-937C-71D99E17B4CD} = {493BBDE6-43C1-4F20-99F5-9AB2A3014AEB}
		{FC0AEE64-111D-400E-BB04-45A6E13F9FA7} = {EF7E85D1-EF11-4BE2-BE45-253DD5BB3060}
		{3372560C-BA78-4A8A-9CB9-61BC64C15682} = {EF7E85D1-EF11-4BE2-BE45-253DD5BB3060}
		{DFF291A0-AD60-453E-AECC-ABDB8DFD588B} = {EF7E85D1-EF11-4BE2-BE45-253DD5BB3060}
		{509C7C89-A6D2-440F-B582-53A69D3CBC44} = {EF7E85D1-EF11-4BE2-BE45-253DD5BB3060}
		{6A6FB011-2F2B-4ECB-B530-0D9D13D88728} = {490CCF88-C80A-44C8-B660-754370A82372}
		{161FC493-B9C6-41D2-A075-5DB0BF78776C} = {490CCF88-C80A-44C8-B660-754370A82372}
		{61E48977-B7EA-4CEB-A12A-F11ED84D0D0C} = {490CCF88-C80A-44C8-B660-754370A82372}
		{B9064B77-415F-4334-B69E-FB98A969B982} = {490CCF88-C80A-44C8-B660-754370A82372}
	EndGlobalSection
	GlobalSection(ProjectConfigurationPlatforms) = postSolution
		{1B29B2A3-E37C-4D06-BE47-FE72802B7849}.Debug|Any CPU.ActiveCfg = Debug|Any CPU
		{1B29B2A3-E37C-4D06-BE47-FE72802B7849}.Debug|Any CPU.Build.0 = Debug|Any CPU
		{1B29B2A3-E37C-4D06-BE47-FE72802B7849}.Release|Any CPU.ActiveCfg = Release|Any CPU
		{1B29B2A3-E37C-4D06-BE47-FE72802B7849}.Release|Any CPU.Build.0 = Release|Any CPU
		{D9312C62-575B-4288-9CAD-AC2706189B6C}.Debug|Any CPU.ActiveCfg = Debug|Any CPU
		{D9312C62-575B-4288-9CAD-AC2706189B6C}.Debug|Any CPU.Build.0 = Debug|Any CPU
		{D9312C62-575B-4288-9CAD-AC2706189B6C}.Release|Any CPU.ActiveCfg = Release|Any CPU
		{D9312C62-575B-4288-9CAD-AC2706189B6C}.Release|Any CPU.Build.0 = Release|Any CPU
		{8AA13DF8-68DE-4819-AD1F-505C14563D3D}.Debug|Any CPU.ActiveCfg = Debug|Any CPU
		{8AA13DF8-68DE-4819-AD1F-505C14563D3D}.Debug|Any CPU.Build.0 = Debug|Any CPU
		{8AA13DF8-68DE-4819-AD1F-505C14563D3D}.Release|Any CPU.ActiveCfg = Release|Any CPU
		{8AA13DF8-68DE-4819-AD1F-505C14563D3D}.Release|Any CPU.Build.0 = Release|Any CPU
		{9F1183B6-1E3F-4182-A2B7-2A29B9D2354B}.Debug|Any CPU.ActiveCfg = Debug|Any CPU
		{9F1183B6-1E3F-4182-A2B7-2A29B9D2354B}.Debug|Any CPU.Build.0 = Debug|Any CPU
		{9F1183B6-1E3F-4182-A2B7-2A29B9D2354B}.Release|Any CPU.ActiveCfg = Release|Any CPU
		{9F1183B6-1E3F-4182-A2B7-2A29B9D2354B}.Release|Any CPU.Build.0 = Release|Any CPU
		{856791FC-EBE8-4D71-937C-71D99E17B4CD}.Debug|Any CPU.ActiveCfg = Debug|Any CPU
		{856791FC-EBE8-4D71-937C-71D99E17B4CD}.Debug|Any CPU.Build.0 = Debug|Any CPU
		{856791FC-EBE8-4D71-937C-71D99E17B4CD}.Release|Any CPU.ActiveCfg = Release|Any CPU
		{856791FC-EBE8-4D71-937C-71D99E17B4CD}.Release|Any CPU.Build.0 = Release|Any CPU
		{FC0AEE64-111D-400E-BB04-45A6E13F9FA7}.Debug|Any CPU.ActiveCfg = Debug|Any CPU
		{FC0AEE64-111D-400E-BB04-45A6E13F9FA7}.Debug|Any CPU.Build.0 = Debug|Any CPU
		{FC0AEE64-111D-400E-BB04-45A6E13F9FA7}.Release|Any CPU.ActiveCfg = Release|Any CPU
		{FC0AEE64-111D-400E-BB04-45A6E13F9FA7}.Release|Any CPU.Build.0 = Release|Any CPU
		{3372560C-BA78-4A8A-9CB9-61BC64C15682}.Debug|Any CPU.ActiveCfg = Debug|Any CPU
		{3372560C-BA78-4A8A-9CB9-61BC64C15682}.Debug|Any CPU.Build.0 = Debug|Any CPU
		{3372560C-BA78-4A8A-9CB9-61BC64C15682}.Release|Any CPU.ActiveCfg = Release|Any CPU
		{3372560C-BA78-4A8A-9CB9-61BC64C15682}.Release|Any CPU.Build.0 = Release|Any CPU
		{DFF291A0-AD60-453E-AECC-ABDB8DFD588B}.Debug|Any CPU.ActiveCfg = Debug|Any CPU
		{DFF291A0-AD60-453E-AECC-ABDB8DFD588B}.Debug|Any CPU.Build.0 = Debug|Any CPU
		{DFF291A0-AD60-453E-AECC-ABDB8DFD588B}.Release|Any CPU.ActiveCfg = Release|Any CPU
		{DFF291A0-AD60-453E-AECC-ABDB8DFD588B}.Release|Any CPU.Build.0 = Release|Any CPU
		{509C7C89-A6D2-440F-B582-53A69D3CBC44}.Debug|Any CPU.ActiveCfg = Debug|Any CPU
		{509C7C89-A6D2-440F-B582-53A69D3CBC44}.Debug|Any CPU.Build.0 = Debug|Any CPU
		{509C7C89-A6D2-440F-B582-53A69D3CBC44}.Release|Any CPU.ActiveCfg = Release|Any CPU
		{509C7C89-A6D2-440F-B582-53A69D3CBC44}.Release|Any CPU.Build.0 = Release|Any CPU
		{6A6FB011-2F2B-4ECB-B530-0D9D13D88728}.Debug|Any CPU.ActiveCfg = Debug|Any CPU
		{6A6FB011-2F2B-4ECB-B530-0D9D13D88728}.Debug|Any CPU.Build.0 = Debug|Any CPU
		{6A6FB011-2F2B-4ECB-B530-0D9D13D88728}.Release|Any CPU.ActiveCfg = Release|Any CPU
		{6A6FB011-2F2B-4ECB-B530-0D9D13D88728}.Release|Any CPU.Build.0 = Release|Any CPU
		{161FC493-B9C6-41D2-A075-5DB0BF78776C}.Debug|Any CPU.ActiveCfg = Debug|Any CPU
		{161FC493-B9C6-41D2-A075-5DB0BF78776C}.Debug|Any CPU.Build.0 = Debug|Any CPU
		{161FC493-B9C6-41D2-A075-5DB0BF78776C}.Release|Any CPU.ActiveCfg = Release|Any CPU
		{161FC493-B9C6-41D2-A075-5DB0BF78776C}.Release|Any CPU.Build.0 = Release|Any CPU
		{61E48977-B7EA-4CEB-A12A-F11ED84D0D0C}.Debug|Any CPU.ActiveCfg = Debug|Any CPU
		{61E48977-B7EA-4CEB-A12A-F11ED84D0D0C}.Debug|Any CPU.Build.0 = Debug|Any CPU
		{61E48977-B7EA-4CEB-A12A-F11ED84D0D0C}.Release|Any CPU.ActiveCfg = Release|Any CPU
		{61E48977-B7EA-4CEB-A12A-F11ED84D0D0C}.Release|Any CPU.Build.0 = Release|Any CPU
		{B9064B77-415F-4334-B69E-FB98A969B982}.Debug|Any CPU.ActiveCfg = Debug|Any CPU
		{B9064B77-415F-4334-B69E-FB98A969B982}.Debug|Any CPU.Build.0 = Debug|Any CPU
		{B9064B77-415F-4334-B69E-FB98A969B982}.Release|Any CPU.ActiveCfg = Release|Any CPU
		{B9064B77-415F-4334-B69E-FB98A969B982}.Release|Any CPU.Build.0 = Release|Any CPU
	EndGlobalSection
EndGlobal
